
Microsoft Visual Studio Solution File, Format Version 12.00
# Visual Studio Version 16
VisualStudioVersion = 16.0.33027.164
MinimumVisualStudioVersion = 10.0.40219.1
Project("{FAE04EC0-301F-11D3-BF4B-00C04F79EFBC}") = "ADO_Entity_DIff of Inhert and Compo", "ADO_Entity_DIff of Inhert and Compo\ADO_Entity_DIff of Inhert and Compo.csproj", "{A7364F36-B11E-49BB-8D64-C9EBBE9B1FC7}"
EndProject
Global
	GlobalSection(SolutionConfigurationPlatforms) = preSolution
		Debug|Any CPU = Debug|Any CPU
		Release|Any CPU = Release|Any CPU
	EndGlobalSection
	GlobalSection(ProjectConfigurationPlatforms) = postSolution
		{A7364F36-B11E-49BB-8D64-C9EBBE9B1FC7}.Debug|Any CPU.ActiveCfg = Debug|Any CPU
		{A7364F36-B11E-49BB-8D64-C9EBBE9B1FC7}.Debug|Any CPU.Build.0 = Debug|Any CPU
		{A7364F36-B11E-49BB-8D64-C9EBBE9B1FC7}.Release|Any CPU.ActiveCfg = Release|Any CPU
		{A7364F36-B11E-49BB-8D64-C9EBBE9B1FC7}.Release|Any CPU.Build.0 = Release|Any CPU
	EndGlobalSection
	GlobalSection(SolutionProperties) = preSolution
		HideSolutionNode = FALSE
	EndGlobalSection
	GlobalSection(ExtensibilityGlobals) = postSolution
		SolutionGuid = {15B22B04-57E2-47B2-9B1B-4DC01B05FB1F}
	EndGlobalSection
EndGlobal
